<?xml version="1.0" encoding="utf-8"?>
<Project ToolsVersion="4.0" xmlns="http://schemas.microsoft.com/developer/msbuild/2003">
  <ItemGroup>
    <Filter Include="Source Files">
      <UniqueIdentifier>{4FC737F1-C7A5-4376-A066-2A32D752A2FF}</UniqueIdentifier>
      <Extensions>cpp;c;cc;cxx;def;odl;idl;hpj;bat;asm;asmx</Extensions>
    </Filter>
    <Filter Include="Header Files">
      <UniqueIdentifier>{93995380-89BD-4b04-88EB-625FBE52EBFB}</UniqueIdentifier>
      <Extensions>h;hpp;hxx;hm;inl;inc;xsd</Extensions>
    </Filter>
    <Filter Include="Resource Files">
      <UniqueIdentifier>{67DA6AB6-F800-4c08-8B7A-83BB121AAD01}</UniqueIdentifier>
      <Extensions>rc;ico;cur;bmp;dlg;rc2;rct;bin;rgs;gif;jpg;jpeg;jpe;resx;tiff;tif;png;wav;mfcribbon-ms</Extensions>
    </Filter>
  </ItemGroup>
  <ItemGroup>
    <ClCompile Include="Main.cpp">
      <Filter>Source Files</Filter>
    </ClCompile>
    <ClCompile Include="CORE\CORE.Keyboard.cpp">
      <Filter>Source Files</Filter>
    </ClCompile>
    <ClCompile Include="APP\APP.GameOptions.cpp">
      <Filter>Source Files</Filter>
    </ClCompile>
    <ClCompile Include="CORE\CORE.GL_Init.cpp">
      <Filter>Source Files</Filter>
    </ClCompile>
    <ClCompile Include="CORE\CORE.Utility.cpp">
      <Filter>Source Files</Filter>
    </ClCompile>
    <ClCompile Include="CORE\CORE.Transform.cpp">
      <Filter>Source Files</Filter>
    </ClCompile>
    <ClCompile Include="CORE\CORE.GameObject.cpp">
      <Filter>Source Files</Filter>
    </ClCompile>
    <ClCompile Include="CORE\CORE.Matrix.cpp">
      <Filter>Source Files</Filter>
    </ClCompile>
    <ClCompile Include="CORE\CORE.Render.cpp">
      <Filter>Source Files</Filter>
    </ClCompile>
    <ClCompile Include="CORE\CORE.Load.cpp">
      <Filter>Source Files</Filter>
    </ClCompile>
    <ClCompile Include="APP\APP.Scene.cpp">
      <Filter>Source Files</Filter>
    </ClCompile>
    <ClCompile Include="APP\Pong\Pong.Scene.cpp">
      <Filter>Source Files</Filter>
    </ClCompile>
    <ClCompile Include="APP\Pong\Pong.Options.cpp">
      <Filter>Source Files</Filter>
    </ClCompile>
    <ClCompile Include="APP\APP.DataCore.cpp">
      <Filter>Source Files</Filter>
    </ClCompile>
    <ClCompile Include="CORE\CORE.Camera.cpp">
      <Filter>Source Files</Filter>
    </ClCompile>
    <ClCompile Include="CORE\CORE.BufferObject.cpp">
      <Filter>Source Files</Filter>
    </ClCompile>
    <ClCompile Include="APP\OpenWorldGame\OWG.Player.cpp">
      <Filter>Source Files</Filter>
    </ClCompile>
    <ClCompile Include="APP\OpenWorldGame\OWG.DataCore.cpp">
      <Filter>Source Files</Filter>
    </ClCompile>
    <ClCompile Include="CORE\CORE.OBJ_Loader.cpp">
      <Filter>Source Files</Filter>
    </ClCompile>
    <ClCompile Include="CORE\CORE.Mesh.cpp">
      <Filter>Source Files</Filter>
    </ClCompile>
    <ClCompile Include="CORE\CORE.Material.cpp">
      <Filter>Source Files</Filter>
    </ClCompile>
    <ClCompile Include="CORE\CORE.Mouse.cpp">
      <Filter>Source Files</Filter>
    </ClCompile>
  </ItemGroup>
  <ItemGroup>
    <ClInclude Include="Application.h">
      <Filter>Header Files</Filter>
    </ClInclude>
    <ClInclude Include="CORE\CORE.Keyboard.h">
      <Filter>Header Files</Filter>
    </ClInclude>
    <ClInclude Include="Main.h">
      <Filter>Header Files</Filter>
    </ClInclude>
    <ClInclude Include="APP\APP.GameOptions.h">
      <Filter>Header Files</Filter>
    </ClInclude>
    <ClInclude Include="CORE\CORE.GL_Init.h">
      <Filter>Header Files</Filter>
    </ClInclude>
    <ClInclude Include="CORE\CORE.Utility.h">
      <Filter>Header Files</Filter>
    </ClInclude>
    <ClInclude Include="CORE\CORE.Transform.h">
      <Filter>Header Files</Filter>
    </ClInclude>
    <ClInclude Include="CORE\CORE.GameObject.h">
      <Filter>Header Files</Filter>
    </ClInclude>
    <ClInclude Include="CORE\CORE.Matrix.h">
      <Filter>Header Files</Filter>
    </ClInclude>
    <ClInclude Include="CORE\CORE.Render.h">
      <Filter>Header Files</Filter>
    </ClInclude>
    <ClInclude Include="CORE\CORE.Load.h">
      <Filter>Header Files</Filter>
    </ClInclude>
    <ClInclude Include="APP\APP.Scene.h">
      <Filter>Header Files</Filter>
    </ClInclude>
    <ClInclude Include="APP\Pong\Pong.Scene.h">
      <Filter>Header Files</Filter>
    </ClInclude>
    <ClInclude Include="APP\Pong\Pong.Options.h">
      <Filter>Header Files</Filter>
    </ClInclude>
    <ClInclude Include="APP\APP.DataCore.h">
      <Filter>Header Files</Filter>
    </ClInclude>
    <ClInclude Include="CORE\CORE.Camera.h">
      <Filter>Header Files</Filter>
    </ClInclude>
    <ClInclude Include="CORE\CORE.BufferObject.h">
      <Filter>Header Files</Filter>
    </ClInclude>
    <ClInclude Include="APP\OpenWorldGame\OWG.Player.h">
      <Filter>Header Files</Filter>
    </ClInclude>
    <ClInclude Include="APP\OpenWorldGame\OWG.DataCore.h">
      <Filter>Header Files</Filter>
    </ClInclude>
    <ClInclude Include="CORE\CORE.OBJ_Loader.h">
      <Filter>Header Files</Filter>
    </ClInclude>
    <ClInclude Include="CORE\CORE.Mesh.h">
      <Filter>Header Files</Filter>
    </ClInclude>
    <ClInclude Include="CORE\CORE.Material.h">
      <Filter>Header Files</Filter>
    </ClInclude>
    <ClInclude Include="CORE\CORE.Mouse.h">
      <Filter>Header Files</Filter>
    </ClInclude>
  </ItemGroup>
  <ItemGroup>
    <Image Include="Assets\Images\grassTile01.png">
      <Filter>Resource Files</Filter>
    </Image>
    <Image Include="Assets\Images\grass.png">
      <Filter>Resource Files</Filter>
    </Image>
  </ItemGroup>
  <ItemGroup>
    <None Include="Assets\Shaders\BasicFragmentShader.fragmentshader" />
    <None Include="Assets\Shaders\BasicVertexShader.vertexshader" />
    <None Include="Assets\Shaders\TextureFragmentShader.fragmentshader">
      <Filter>Resource Files</Filter>
    </None>
    <None Include="Assets\Shaders\DiffuseTextureFragmentShader.fragmentshader" />
    <None Include="Assets\Shaders\DiffuseTextureVertexShader.vertexshader" />
  </ItemGroup>
  <ItemGroup>
    <Text Include="Assets\Models\torus.txt" />
    <Text Include="Assets\Shaders\TextureVertexShader.vertexshader">
      <Filter>Resource Files</Filter>
    </Text>
  </ItemGroup>
</Project>